// !$*UTF8*$!
{
	archiveVersion = 1;
	classes = {
	};
	objectVersion = 45;
	objects = {

/* Begin PBXBuildFile section */
		8DC2EF530486A6940098B216 /* InfoPlist.strings in Resources */ = {isa = PBXBuildFile; fileRef = 089C1666FE841158C02AAC07 /* InfoPlist.strings */; };
		8E04A41B12E37C9400EEFE0C /* DBTest.m in Sources */ = {isa = PBXBuildFile; fileRef = 8E04A41A12E37C9400EEFE0C /* DBTest.m */; };
		8E04A45F12E37FC600EEFE0C /* Dropbox.framework in Frameworks */ = {isa = PBXBuildFile; fileRef = 8DC2EF5B0486A6940098B216 /* Dropbox.framework */; };
		8E04A5A012E3AC0600EEFE0C /* DBAccountCreationController.h in Headers */ = {isa = PBXBuildFile; fileRef = 8E04A59E12E3AC0600EEFE0C /* DBAccountCreationController.h */; settings = {ATTRIBUTES = (Public, ); }; };
		8E04A5A112E3AC0600EEFE0C /* DBAccountCreationController.m in Sources */ = {isa = PBXBuildFile; fileRef = 8E04A59F12E3AC0600EEFE0C /* DBAccountCreationController.m */; };
		8E04A63C12E3B79500EEFE0C /* DBCommonController.h in Headers */ = {isa = PBXBuildFile; fileRef = 8E04A63A12E3B79500EEFE0C /* DBCommonController.h */; settings = {ATTRIBUTES = (Public, ); }; };
		8E04A63D12E3B79500EEFE0C /* DBCommonController.m in Sources */ = {isa = PBXBuildFile; fileRef = 8E04A63B12E3B79500EEFE0C /* DBCommonController.m */; };
		8E4A1E311307542B0006924C /* Dropbox.h in Headers */ = {isa = PBXBuildFile; fileRef = 8E4A1E301307542B0006924C /* Dropbox.h */; settings = {ATTRIBUTES = (Public, ); }; };
		8E6124A81307512B00DA90D0 /* AppKit.framework in Frameworks */ = {isa = PBXBuildFile; fileRef = 8E6124A71307512B00DA90D0 /* AppKit.framework */; };
		8E6F31AA12E2DDF20028A6EE /* DBAccountInfo.h in Headers */ = {isa = PBXBuildFile; fileRef = 8E6F315A12E2DDF20028A6EE /* DBAccountInfo.h */; settings = {ATTRIBUTES = (Public, ); }; };
		8E6F31AB12E2DDF20028A6EE /* DBAccountInfo.m in Sources */ = {isa = PBXBuildFile; fileRef = 8E6F315B12E2DDF20028A6EE /* DBAccountInfo.m */; };
		8E6F31AC12E2DDF20028A6EE /* DBError.h in Headers */ = {isa = PBXBuildFile; fileRef = 8E6F315C12E2DDF20028A6EE /* DBError.h */; settings = {ATTRIBUTES = (Public, ); }; };
		8E6F31AD12E2DDF20028A6EE /* DBError.m in Sources */ = {isa = PBXBuildFile; fileRef = 8E6F315D12E2DDF20028A6EE /* DBError.m */; };
		8E6F31AE12E2DDF20028A6EE /* DBMetadata.h in Headers */ = {isa = PBXBuildFile; fileRef = 8E6F315E12E2DDF20028A6EE /* DBMetadata.h */; settings = {ATTRIBUTES = (Public, ); }; };
		8E6F31AF12E2DDF20028A6EE /* DBMetadata.m in Sources */ = {isa = PBXBuildFile; fileRef = 8E6F315F12E2DDF20028A6EE /* DBMetadata.m */; };
		8E6F31B012E2DDF20028A6EE /* DBQuota.h in Headers */ = {isa = PBXBuildFile; fileRef = 8E6F316012E2DDF20028A6EE /* DBQuota.h */; settings = {ATTRIBUTES = (Public, ); }; };
		8E6F31B112E2DDF20028A6EE /* DBQuota.m in Sources */ = {isa = PBXBuildFile; fileRef = 8E6F316112E2DDF20028A6EE /* DBQuota.m */; };
		8E6F31B212E2DDF20028A6EE /* DBRequest.h in Headers */ = {isa = PBXBuildFile; fileRef = 8E6F316212E2DDF20028A6EE /* DBRequest.h */; settings = {ATTRIBUTES = (Public, ); }; };
		8E6F31B312E2DDF20028A6EE /* DBRequest.m in Sources */ = {isa = PBXBuildFile; fileRef = 8E6F316312E2DDF20028A6EE /* DBRequest.m */; };
		8E6F31B412E2DDF20028A6EE /* DBRestClient.h in Headers */ = {isa = PBXBuildFile; fileRef = 8E6F316412E2DDF20028A6EE /* DBRestClient.h */; settings = {ATTRIBUTES = (Public, ); }; };
		8E6F31B512E2DDF20028A6EE /* DBRestClient.m in Sources */ = {isa = PBXBuildFile; fileRef = 8E6F316512E2DDF20028A6EE /* DBRestClient.m */; };
		8E6F31B612E2DDF20028A6EE /* DBSession.h in Headers */ = {isa = PBXBuildFile; fileRef = 8E6F316612E2DDF20028A6EE /* DBSession.h */; settings = {ATTRIBUTES = (Public, ); }; };
		8E6F31B712E2DDF20028A6EE /* DBSession.m in Sources */ = {isa = PBXBuildFile; fileRef = 8E6F316712E2DDF20028A6EE /* DBSession.m */; };
		8E6F31B912E2DDF20028A6EE /* JSON.h in Headers */ = {isa = PBXBuildFile; fileRef = 8E6F316A12E2DDF20028A6EE /* JSON.h */; };
		8E6F31BA12E2DDF20028A6EE /* NSObject+SBJSON.h in Headers */ = {isa = PBXBuildFile; fileRef = 8E6F316B12E2DDF20028A6EE /* NSObject+SBJSON.h */; };
		8E6F31BB12E2DDF20028A6EE /* NSObject+SBJSON.m in Sources */ = {isa = PBXBuildFile; fileRef = 8E6F316C12E2DDF20028A6EE /* NSObject+SBJSON.m */; };
		8E6F31BC12E2DDF20028A6EE /* NSString+SBJSON.h in Headers */ = {isa = PBXBuildFile; fileRef = 8E6F316D12E2DDF20028A6EE /* NSString+SBJSON.h */; };
		8E6F31BD12E2DDF20028A6EE /* NSString+SBJSON.m in Sources */ = {isa = PBXBuildFile; fileRef = 8E6F316E12E2DDF20028A6EE /* NSString+SBJSON.m */; };
		8E6F31BE12E2DDF20028A6EE /* SBJSON.h in Headers */ = {isa = PBXBuildFile; fileRef = 8E6F316F12E2DDF20028A6EE /* SBJSON.h */; };
		8E6F31BF12E2DDF20028A6EE /* SBJSON.m in Sources */ = {isa = PBXBuildFile; fileRef = 8E6F317012E2DDF20028A6EE /* SBJSON.m */; };
		8E6F31C012E2DDF20028A6EE /* SBJsonBase.h in Headers */ = {isa = PBXBuildFile; fileRef = 8E6F317112E2DDF20028A6EE /* SBJsonBase.h */; };
		8E6F31C112E2DDF20028A6EE /* SBJsonBase.m in Sources */ = {isa = PBXBuildFile; fileRef = 8E6F317212E2DDF20028A6EE /* SBJsonBase.m */; };
		8E6F31C212E2DDF20028A6EE /* SBJsonParser.h in Headers */ = {isa = PBXBuildFile; fileRef = 8E6F317312E2DDF20028A6EE /* SBJsonParser.h */; };
		8E6F31C312E2DDF20028A6EE /* SBJsonParser.m in Sources */ = {isa = PBXBuildFile; fileRef = 8E6F317412E2DDF20028A6EE /* SBJsonParser.m */; };
		8E6F31C412E2DDF20028A6EE /* SBJsonWriter.h in Headers */ = {isa = PBXBuildFile; fileRef = 8E6F317512E2DDF20028A6EE /* SBJsonWriter.h */; };
		8E6F31C512E2DDF20028A6EE /* SBJsonWriter.m in Sources */ = {isa = PBXBuildFile; fileRef = 8E6F317612E2DDF20028A6EE /* SBJsonWriter.m */; };
		8E6F31C612E2DDF20028A6EE /* Base64Transcoder.c in Sources */ = {isa = PBXBuildFile; fileRef = 8E6F317912E2DDF20028A6EE /* Base64Transcoder.c */; };
		8E6F31C712E2DDF20028A6EE /* Base64Transcoder.h in Headers */ = {isa = PBXBuildFile; fileRef = 8E6F317A12E2DDF20028A6EE /* Base64Transcoder.h */; };
		8E6F31C812E2DDF20028A6EE /* MPDebug.h in Headers */ = {isa = PBXBuildFile; fileRef = 8E6F317B12E2DDF20028A6EE /* MPDebug.h */; };
		8E6F31C912E2DDF20028A6EE /* MPOAuth.h in Headers */ = {isa = PBXBuildFile; fileRef = 8E6F317C12E2DDF20028A6EE /* MPOAuth.h */; };
		8E6F31CA12E2DDF20028A6EE /* MPOAuthAPI.h in Headers */ = {isa = PBXBuildFile; fileRef = 8E6F317D12E2DDF20028A6EE /* MPOAuthAPI.h */; };
		8E6F31CB12E2DDF20028A6EE /* MPOAuthAPI.m in Sources */ = {isa = PBXBuildFile; fileRef = 8E6F317E12E2DDF20028A6EE /* MPOAuthAPI.m */; };
		8E6F31CC12E2DDF20028A6EE /* MPOAuthAPIRequestLoader.h in Headers */ = {isa = PBXBuildFile; fileRef = 8E6F317F12E2DDF20028A6EE /* MPOAuthAPIRequestLoader.h */; };
		8E6F31CD12E2DDF20028A6EE /* MPOAuthAPIRequestLoader.m in Sources */ = {isa = PBXBuildFile; fileRef = 8E6F318012E2DDF20028A6EE /* MPOAuthAPIRequestLoader.m */; };
		8E6F31CE12E2DDF20028A6EE /* MPOAuthAuthenticationMethod.h in Headers */ = {isa = PBXBuildFile; fileRef = 8E6F318112E2DDF20028A6EE /* MPOAuthAuthenticationMethod.h */; };
		8E6F31CF12E2DDF20028A6EE /* MPOAuthAuthenticationMethod.m in Sources */ = {isa = PBXBuildFile; fileRef = 8E6F318212E2DDF20028A6EE /* MPOAuthAuthenticationMethod.m */; };
		8E6F31D012E2DDF20028A6EE /* MPOAuthAuthenticationMethodOAuth.h in Headers */ = {isa = PBXBuildFile; fileRef = 8E6F318312E2DDF20028A6EE /* MPOAuthAuthenticationMethodOAuth.h */; };
		8E6F31D112E2DDF20028A6EE /* MPOAuthAuthenticationMethodOAuth.m in Sources */ = {isa = PBXBuildFile; fileRef = 8E6F318412E2DDF20028A6EE /* MPOAuthAuthenticationMethodOAuth.m */; };
		8E6F31D212E2DDF20028A6EE /* MPOAuthConnection.h in Headers */ = {isa = PBXBuildFile; fileRef = 8E6F318512E2DDF20028A6EE /* MPOAuthConnection.h */; };
		8E6F31D312E2DDF20028A6EE /* MPOAuthConnection.m in Sources */ = {isa = PBXBuildFile; fileRef = 8E6F318612E2DDF20028A6EE /* MPOAuthConnection.m */; };
		8E6F31D412E2DDF20028A6EE /* MPOAuthCredentiaIConcreteStore+KeychainAdditionsMac.m in Sources */ = {isa = PBXBuildFile; fileRef = 8E6F318712E2DDF20028A6EE /* MPOAuthCredentiaIConcreteStore+KeychainAdditionsMac.m */; };
		8E6F31D512E2DDF20028A6EE /* MPOAuthCredentialConcreteStore+KeychainAdditions.h in Headers */ = {isa = PBXBuildFile; fileRef = 8E6F318812E2DDF20028A6EE /* MPOAuthCredentialConcreteStore+KeychainAdditions.h */; };
		8E6F31D612E2DDF20028A6EE /* MPOAuthCredentialConcreteStore+KeychainAdditionsiPhone.m in Sources */ = {isa = PBXBuildFile; fileRef = 8E6F318912E2DDF20028A6EE /* MPOAuthCredentialConcreteStore+KeychainAdditionsiPhone.m */; };
		8E6F31D712E2DDF20028A6EE /* MPOAuthCredentialConcreteStore.h in Headers */ = {isa = PBXBuildFile; fileRef = 8E6F318A12E2DDF20028A6EE /* MPOAuthCredentialConcreteStore.h */; settings = {ATTRIBUTES = (Public, ); }; };
		8E6F31D812E2DDF20028A6EE /* MPOAuthCredentialConcreteStore.m in Sources */ = {isa = PBXBuildFile; fileRef = 8E6F318B12E2DDF20028A6EE /* MPOAuthCredentialConcreteStore.m */; };
		8E6F31D912E2DDF20028A6EE /* MPOAuthCredentialStore.h in Headers */ = {isa = PBXBuildFile; fileRef = 8E6F318C12E2DDF20028A6EE /* MPOAuthCredentialStore.h */; settings = {ATTRIBUTES = (Public, ); }; };
		8E6F31DA12E2DDF20028A6EE /* MPOAuthParameterFactory.h in Headers */ = {isa = PBXBuildFile; fileRef = 8E6F318D12E2DDF20028A6EE /* MPOAuthParameterFactory.h */; settings = {ATTRIBUTES = (Public, ); }; };
		8E6F31DB12E2DDF20028A6EE /* MPOAuthSignatureParameter.h in Headers */ = {isa = PBXBuildFile; fileRef = 8E6F318E12E2DDF20028A6EE /* MPOAuthSignatureParameter.h */; };
		8E6F31DC12E2DDF20028A6EE /* MPOAuthSignatureParameter.m in Sources */ = {isa = PBXBuildFile; fileRef = 8E6F318F12E2DDF20028A6EE /* MPOAuthSignatureParameter.m */; };
		8E6F31DD12E2DDF20028A6EE /* MPOAuthURLRequest.h in Headers */ = {isa = PBXBuildFile; fileRef = 8E6F319012E2DDF20028A6EE /* MPOAuthURLRequest.h */; };
		8E6F31DE12E2DDF20028A6EE /* MPOAuthURLRequest.m in Sources */ = {isa = PBXBuildFile; fileRef = 8E6F319112E2DDF20028A6EE /* MPOAuthURLRequest.m */; };
		8E6F31DF12E2DDF20028A6EE /* MPOAuthURLResponse.h in Headers */ = {isa = PBXBuildFile; fileRef = 8E6F319212E2DDF20028A6EE /* MPOAuthURLResponse.h */; };
		8E6F31E012E2DDF20028A6EE /* MPOAuthURLResponse.m in Sources */ = {isa = PBXBuildFile; fileRef = 8E6F319312E2DDF20028A6EE /* MPOAuthURLResponse.m */; };
		8E6F31E112E2DDF20028A6EE /* MPURLRequestParameter.h in Headers */ = {isa = PBXBuildFile; fileRef = 8E6F319412E2DDF20028A6EE /* MPURLRequestParameter.h */; };
		8E6F31E212E2DDF20028A6EE /* MPURLRequestParameter.m in Sources */ = {isa = PBXBuildFile; fileRef = 8E6F319512E2DDF20028A6EE /* MPURLRequestParameter.m */; };
		8E6F31E312E2DDF20028A6EE /* NSString+URLEscapingAdditions.h in Headers */ = {isa = PBXBuildFile; fileRef = 8E6F319612E2DDF20028A6EE /* NSString+URLEscapingAdditions.h */; };
		8E6F31E412E2DDF20028A6EE /* NSString+URLEscapingAdditions.m in Sources */ = {isa = PBXBuildFile; fileRef = 8E6F319712E2DDF20028A6EE /* NSString+URLEscapingAdditions.m */; };
		8E6F31E512E2DDF20028A6EE /* NSURL+MPURLParameterAdditions.h in Headers */ = {isa = PBXBuildFile; fileRef = 8E6F319812E2DDF20028A6EE /* NSURL+MPURLParameterAdditions.h */; };
		8E6F31E612E2DDF20028A6EE /* NSURL+MPURLParameterAdditions.m in Sources */ = {isa = PBXBuildFile; fileRef = 8E6F319912E2DDF20028A6EE /* NSURL+MPURLParameterAdditions.m */; };
		8E6F31E712E2DDF20028A6EE /* NSURLResponse+Encoding.h in Headers */ = {isa = PBXBuildFile; fileRef = 8E6F319A12E2DDF20028A6EE /* NSURLResponse+Encoding.h */; };
		8E6F31E812E2DDF20028A6EE /* NSURLResponse+Encoding.m in Sources */ = {isa = PBXBuildFile; fileRef = 8E6F319B12E2DDF20028A6EE /* NSURLResponse+Encoding.m */; };
		8E6F31E912E2DDF20028A6EE /* NSString+Dropbox.h in Headers */ = {isa = PBXBuildFile; fileRef = 8E6F319C12E2DDF20028A6EE /* NSString+Dropbox.h */; };
		8E6F31EA12E2DDF20028A6EE /* NSString+Dropbox.m in Sources */ = {isa = PBXBuildFile; fileRef = 8E6F319D12E2DDF20028A6EE /* NSString+Dropbox.m */; };
		8E6F31F412E2DDF20028A6EE /* db_logo.png in Resources */ = {isa = PBXBuildFile; fileRef = 8E6F31A812E2DDF20028A6EE /* db_logo.png */; };
		8E6F31F512E2DDF20028A6EE /* db_logo@2x.png in Resources */ = {isa = PBXBuildFile; fileRef = 8E6F31A912E2DDF20028A6EE /* db_logo@2x.png */; };
		8E6F322A12E2DFA50028A6EE /* Security.framework in Frameworks */ = {isa = PBXBuildFile; fileRef = 8E6F322912E2DFA50028A6EE /* Security.framework */; };
		8E6F323912E2E5A90028A6EE /* DBLoginController.h in Headers */ = {isa = PBXBuildFile; fileRef = 8E6F323712E2E5A90028A6EE /* DBLoginController.h */; settings = {ATTRIBUTES = (Public, ); }; };
		8E6F323A12E2E5A90028A6EE /* DBLoginController.m in Sources */ = {isa = PBXBuildFile; fileRef = 8E6F323812E2E5A90028A6EE /* DBLoginController.m */; };
		8EBF5C1D12F2314F0051DBFA /* DBAccountCreation.xib in Resources */ = {isa = PBXBuildFile; fileRef = 8EBF5C1C12F2314F0051DBFA /* DBAccountCreation.xib */; };
		8EBF5C1F12F2315A0051DBFA /* DBLogin.xib in Resources */ = {isa = PBXBuildFile; fileRef = 8EBF5C1E12F2315A0051DBFA /* DBLogin.xib */; };
		8EBF5C2112F231610051DBFA /* DBTest.xib in Resources */ = {isa = PBXBuildFile; fileRef = 8EBF5C2012F231610051DBFA /* DBTest.xib */; };
		8EBF5C2512F232EB0051DBFA /* Localizable.strings in Resources */ = {isa = PBXBuildFile; fileRef = 8EBF5C2412F232EB0051DBFA /* Localizable.strings */; };
		8EBF5C5312F239BF0051DBFA /* Localizable.strings in Resources */ = {isa = PBXBuildFile; fileRef = 8EBF5C5212F239BF0051DBFA /* Localizable.strings */; };
/* End PBXBuildFile section */

/* Begin PBXContainerItemProxy section */
		8E04A40612E37B6600EEFE0C /* PBXContainerItemProxy */ = {
			isa = PBXContainerItemProxy;
			containerPortal = 0867D690FE84028FC02AAC07 /* Project object */;
			proxyType = 1;
			remoteGlobalIDString = 8DC2EF4F0486A6940098B216;
			remoteInfo = DropboxFramework;
		};
/* End PBXContainerItemProxy section */

/* Begin PBXFileReference section */
		0867D69BFE84028FC02AAC07 /* Foundation.framework */ = {isa = PBXFileReference; lastKnownFileType = wrapper.framework; name = Foundation.framework; path = /System/Library/Frameworks/Foundation.framework; sourceTree = "<absolute>"; };
		089C1667FE841158C02AAC07 /* English */ = {isa = PBXFileReference; fileEncoding = 4; lastKnownFileType = text.plist.strings; name = English; path = English.lproj/InfoPlist.strings; sourceTree = "<group>"; };
		32DBCF5E0370ADEE00C91783 /* DropboxFramework_Prefix.pch */ = {isa = PBXFileReference; fileEncoding = 4; lastKnownFileType = sourcecode.c.h; path = DropboxFramework_Prefix.pch; sourceTree = "<group>"; };
		8DC2EF5A0486A6940098B216 /* Info.plist */ = {isa = PBXFileReference; fileEncoding = 4; lastKnownFileType = text.plist.xml; path = Info.plist; sourceTree = "<group>"; };
		8DC2EF5B0486A6940098B216 /* Dropbox.framework */ = {isa = PBXFileReference; explicitFileType = wrapper.framework; includeInIndex = 0; path = Dropbox.framework; sourceTree = BUILT_PRODUCTS_DIR; };
		8E04A40012E37B5C00EEFE0C /* DBTest.app */ = {isa = PBXFileReference; explicitFileType = wrapper.application; includeInIndex = 0; path = DBTest.app; sourceTree = BUILT_PRODUCTS_DIR; };
		8E04A40212E37B5D00EEFE0C /* Info.plist */ = {isa = PBXFileReference; lastKnownFileType = text.plist.xml; path = Info.plist; sourceTree = "<group>"; };
		8E04A40D12E37BC000EEFE0C /* English */ = {isa = PBXFileReference; lastKnownFileType = file.xib; name = English; path = English.lproj/DBTest.xib; sourceTree = "<group>"; };
		8E04A41912E37C9400EEFE0C /* DBTest.h */ = {isa = PBXFileReference; fileEncoding = 4; lastKnownFileType = sourcecode.c.h; path = DBTest.h; sourceTree = "<group>"; };
		8E04A41A12E37C9400EEFE0C /* DBTest.m */ = {isa = PBXFileReference; fileEncoding = 4; lastKnownFileType = sourcecode.c.objc; path = DBTest.m; sourceTree = "<group>"; };
		8E04A59B12E3ABF900EEFE0C /* English */ = {isa = PBXFileReference; lastKnownFileType = file.xib; name = English; path = English.lproj/DBAccountCreation.xib; sourceTree = "<group>"; };
		8E04A59E12E3AC0600EEFE0C /* DBAccountCreationController.h */ = {isa = PBXFileReference; fileEncoding = 4; lastKnownFileType = sourcecode.c.h; path = DBAccountCreationController.h; sourceTree = "<group>"; };
		8E04A59F12E3AC0600EEFE0C /* DBAccountCreationController.m */ = {isa = PBXFileReference; fileEncoding = 4; lastKnownFileType = sourcecode.c.objc; path = DBAccountCreationController.m; sourceTree = "<group>"; };
		8E04A63A12E3B79500EEFE0C /* DBCommonController.h */ = {isa = PBXFileReference; fileEncoding = 4; lastKnownFileType = sourcecode.c.h; path = DBCommonController.h; sourceTree = "<group>"; };
		8E04A63B12E3B79500EEFE0C /* DBCommonController.m */ = {isa = PBXFileReference; fileEncoding = 4; lastKnownFileType = sourcecode.c.objc; path = DBCommonController.m; sourceTree = "<group>"; };
		8E4A1E301307542B0006924C /* Dropbox.h */ = {isa = PBXFileReference; fileEncoding = 4; lastKnownFileType = sourcecode.c.h; path = Dropbox.h; sourceTree = "<group>"; };
		8E6124A71307512B00DA90D0 /* AppKit.framework */ = {isa = PBXFileReference; lastKnownFileType = wrapper.framework; name = AppKit.framework; path = System/Library/Frameworks/AppKit.framework; sourceTree = SDKROOT; };
		8E6F315A12E2DDF20028A6EE /* DBAccountInfo.h */ = {isa = PBXFileReference; fileEncoding = 4; lastKnownFileType = sourcecode.c.h; path = DBAccountInfo.h; sourceTree = "<group>"; };
		8E6F315B12E2DDF20028A6EE /* DBAccountInfo.m */ = {isa = PBXFileReference; fileEncoding = 4; lastKnownFileType = sourcecode.c.objc; path = DBAccountInfo.m; sourceTree = "<group>"; };
		8E6F315C12E2DDF20028A6EE /* DBError.h */ = {isa = PBXFileReference; fileEncoding = 4; lastKnownFileType = sourcecode.c.h; path = DBError.h; sourceTree = "<group>"; };
		8E6F315D12E2DDF20028A6EE /* DBError.m */ = {isa = PBXFileReference; fileEncoding = 4; lastKnownFileType = sourcecode.c.objc; path = DBError.m; sourceTree = "<group>"; };
		8E6F315E12E2DDF20028A6EE /* DBMetadata.h */ = {isa = PBXFileReference; fileEncoding = 4; lastKnownFileType = sourcecode.c.h; path = DBMetadata.h; sourceTree = "<group>"; };
		8E6F315F12E2DDF20028A6EE /* DBMetadata.m */ = {isa = PBXFileReference; fileEncoding = 4; lastKnownFileType = sourcecode.c.objc; path = DBMetadata.m; sourceTree = "<group>"; };
		8E6F316012E2DDF20028A6EE /* DBQuota.h */ = {isa = PBXFileReference; fileEncoding = 4; lastKnownFileType = sourcecode.c.h; path = DBQuota.h; sourceTree = "<group>"; };
		8E6F316112E2DDF20028A6EE /* DBQuota.m */ = {isa = PBXFileReference; fileEncoding = 4; lastKnownFileType = sourcecode.c.objc; path = DBQuota.m; sourceTree = "<group>"; };
		8E6F316212E2DDF20028A6EE /* DBRequest.h */ = {isa = PBXFileReference; fileEncoding = 4; lastKnownFileType = sourcecode.c.h; path = DBRequest.h; sourceTree = "<group>"; };
		8E6F316312E2DDF20028A6EE /* DBRequest.m */ = {isa = PBXFileReference; fileEncoding = 4; lastKnownFileType = sourcecode.c.objc; path = DBRequest.m; sourceTree = "<group>"; };
		8E6F316412E2DDF20028A6EE /* DBRestClient.h */ = {isa = PBXFileReference; fileEncoding = 4; lastKnownFileType = sourcecode.c.h; path = DBRestClient.h; sourceTree = "<group>"; };
		8E6F316512E2DDF20028A6EE /* DBRestClient.m */ = {isa = PBXFileReference; fileEncoding = 4; lastKnownFileType = sourcecode.c.objc; path = DBRestClient.m; sourceTree = "<group>"; };
		8E6F316612E2DDF20028A6EE /* DBSession.h */ = {isa = PBXFileReference; fileEncoding = 4; lastKnownFileType = sourcecode.c.h; path = DBSession.h; sourceTree = "<group>"; };
		8E6F316712E2DDF20028A6EE /* DBSession.m */ = {isa = PBXFileReference; fileEncoding = 4; lastKnownFileType = sourcecode.c.objc; path = DBSession.m; sourceTree = "<group>"; };
		8E6F316A12E2DDF20028A6EE /* JSON.h */ = {isa = PBXFileReference; fileEncoding = 4; lastKnownFileType = sourcecode.c.h; path = JSON.h; sourceTree = "<group>"; };
		8E6F316B12E2DDF20028A6EE /* NSObject+SBJSON.h */ = {isa = PBXFileReference; fileEncoding = 4; lastKnownFileType = sourcecode.c.h; path = "NSObject+SBJSON.h"; sourceTree = "<group>"; };
		8E6F316C12E2DDF20028A6EE /* NSObject+SBJSON.m */ = {isa = PBXFileReference; fileEncoding = 4; lastKnownFileType = sourcecode.c.objc; path = "NSObject+SBJSON.m"; sourceTree = "<group>"; };
		8E6F316D12E2DDF20028A6EE /* NSString+SBJSON.h */ = {isa = PBXFileReference; fileEncoding = 4; lastKnownFileType = sourcecode.c.h; path = "NSString+SBJSON.h"; sourceTree = "<group>"; };
		8E6F316E12E2DDF20028A6EE /* NSString+SBJSON.m */ = {isa = PBXFileReference; fileEncoding = 4; lastKnownFileType = sourcecode.c.objc; path = "NSString+SBJSON.m"; sourceTree = "<group>"; };
		8E6F316F12E2DDF20028A6EE /* SBJSON.h */ = {isa = PBXFileReference; fileEncoding = 4; lastKnownFileType = sourcecode.c.h; path = SBJSON.h; sourceTree = "<group>"; };
		8E6F317012E2DDF20028A6EE /* SBJSON.m */ = {isa = PBXFileReference; fileEncoding = 4; lastKnownFileType = sourcecode.c.objc; path = SBJSON.m; sourceTree = "<group>"; };
		8E6F317112E2DDF20028A6EE /* SBJsonBase.h */ = {isa = PBXFileReference; fileEncoding = 4; lastKnownFileType = sourcecode.c.h; path = SBJsonBase.h; sourceTree = "<group>"; };
		8E6F317212E2DDF20028A6EE /* SBJsonBase.m */ = {isa = PBXFileReference; fileEncoding = 4; lastKnownFileType = sourcecode.c.objc; path = SBJsonBase.m; sourceTree = "<group>"; };
		8E6F317312E2DDF20028A6EE /* SBJsonParser.h */ = {isa = PBXFileReference; fileEncoding = 4; lastKnownFileType = sourcecode.c.h; path = SBJsonParser.h; sourceTree = "<group>"; };
		8E6F317412E2DDF20028A6EE /* SBJsonParser.m */ = {isa = PBXFileReference; fileEncoding = 4; lastKnownFileType = sourcecode.c.objc; path = SBJsonParser.m; sourceTree = "<group>"; };
		8E6F317512E2DDF20028A6EE /* SBJsonWriter.h */ = {isa = PBXFileReference; fileEncoding = 4; lastKnownFileType = sourcecode.c.h; path = SBJsonWriter.h; sourceTree = "<group>"; };
		8E6F317612E2DDF20028A6EE /* SBJsonWriter.m */ = {isa = PBXFileReference; fileEncoding = 4; lastKnownFileType = sourcecode.c.objc; path = SBJsonWriter.m; sourceTree = "<group>"; };
		8E6F317912E2DDF20028A6EE /* Base64Transcoder.c */ = {isa = PBXFileReference; fileEncoding = 4; lastKnownFileType = sourcecode.c.c; path = Base64Transcoder.c; sourceTree = "<group>"; };
		8E6F317A12E2DDF20028A6EE /* Base64Transcoder.h */ = {isa = PBXFileReference; fileEncoding = 4; lastKnownFileType = sourcecode.c.h; path = Base64Transcoder.h; sourceTree = "<group>"; };
		8E6F317B12E2DDF20028A6EE /* MPDebug.h */ = {isa = PBXFileReference; fileEncoding = 4; lastKnownFileType = sourcecode.c.h; path = MPDebug.h; sourceTree = "<group>"; };
		8E6F317C12E2DDF20028A6EE /* MPOAuth.h */ = {isa = PBXFileReference; fileEncoding = 4; lastKnownFileType = sourcecode.c.h; path = MPOAuth.h; sourceTree = "<group>"; };
		8E6F317D12E2DDF20028A6EE /* MPOAuthAPI.h */ = {isa = PBXFileReference; fileEncoding = 4; lastKnownFileType = sourcecode.c.h; path = MPOAuthAPI.h; sourceTree = "<group>"; };
		8E6F317E12E2DDF20028A6EE /* MPOAuthAPI.m */ = {isa = PBXFileReference; fileEncoding = 4; lastKnownFileType = sourcecode.c.objc; path = MPOAuthAPI.m; sourceTree = "<group>"; };
		8E6F317F12E2DDF20028A6EE /* MPOAuthAPIRequestLoader.h */ = {isa = PBXFileReference; fileEncoding = 4; lastKnownFileType = sourcecode.c.h; path = MPOAuthAPIRequestLoader.h; sourceTree = "<group>"; };
		8E6F318012E2DDF20028A6EE /* MPOAuthAPIRequestLoader.m */ = {isa = PBXFileReference; fileEncoding = 4; lastKnownFileType = sourcecode.c.objc; path = MPOAuthAPIRequestLoader.m; sourceTree = "<group>"; };
		8E6F318112E2DDF20028A6EE /* MPOAuthAuthenticationMethod.h */ = {isa = PBXFileReference; fileEncoding = 4; lastKnownFileType = sourcecode.c.h; path = MPOAuthAuthenticationMethod.h; sourceTree = "<group>"; };
		8E6F318212E2DDF20028A6EE /* MPOAuthAuthenticationMethod.m */ = {isa = PBXFileReference; fileEncoding = 4; lastKnownFileType = sourcecode.c.objc; path = MPOAuthAuthenticationMethod.m; sourceTree = "<group>"; };
		8E6F318312E2DDF20028A6EE /* MPOAuthAuthenticationMethodOAuth.h */ = {isa = PBXFileReference; fileEncoding = 4; lastKnownFileType = sourcecode.c.h; path = MPOAuthAuthenticationMethodOAuth.h; sourceTree = "<group>"; };
		8E6F318412E2DDF20028A6EE /* MPOAuthAuthenticationMethodOAuth.m */ = {isa = PBXFileReference; fileEncoding = 4; lastKnownFileType = sourcecode.c.objc; path = MPOAuthAuthenticationMethodOAuth.m; sourceTree = "<group>"; };
		8E6F318512E2DDF20028A6EE /* MPOAuthConnection.h */ = {isa = PBXFileReference; fileEncoding = 4; lastKnownFileType = sourcecode.c.h; path = MPOAuthConnection.h; sourceTree = "<group>"; };
		8E6F318612E2DDF20028A6EE /* MPOAuthConnection.m */ = {isa = PBXFileReference; fileEncoding = 4; lastKnownFileType = sourcecode.c.objc; path = MPOAuthConnection.m; sourceTree = "<group>"; };
		8E6F318712E2DDF20028A6EE /* MPOAuthCredentiaIConcreteStore+KeychainAdditionsMac.m */ = {isa = PBXFileReference; fileEncoding = 4; lastKnownFileType = sourcecode.c.objc; path = "MPOAuthCredentiaIConcreteStore+KeychainAdditionsMac.m"; sourceTree = "<group>"; };
		8E6F318812E2DDF20028A6EE /* MPOAuthCredentialConcreteStore+KeychainAdditions.h */ = {isa = PBXFileReference; fileEncoding = 4; lastKnownFileType = sourcecode.c.h; path = "MPOAuthCredentialConcreteStore+KeychainAdditions.h"; sourceTree = "<group>"; };
		8E6F318912E2DDF20028A6EE /* MPOAuthCredentialConcreteStore+KeychainAdditionsiPhone.m */ = {isa = PBXFileReference; fileEncoding = 4; lastKnownFileType = sourcecode.c.objc; path = "MPOAuthCredentialConcreteStore+KeychainAdditionsiPhone.m"; sourceTree = "<group>"; };
		8E6F318A12E2DDF20028A6EE /* MPOAuthCredentialConcreteStore.h */ = {isa = PBXFileReference; fileEncoding = 4; lastKnownFileType = sourcecode.c.h; path = MPOAuthCredentialConcreteStore.h; sourceTree = "<group>"; };
		8E6F318B12E2DDF20028A6EE /* MPOAuthCredentialConcreteStore.m */ = {isa = PBXFileReference; fileEncoding = 4; lastKnownFileType = sourcecode.c.objc; path = MPOAuthCredentialConcreteStore.m; sourceTree = "<group>"; };
		8E6F318C12E2DDF20028A6EE /* MPOAuthCredentialStore.h */ = {isa = PBXFileReference; fileEncoding = 4; lastKnownFileType = sourcecode.c.h; path = MPOAuthCredentialStore.h; sourceTree = "<group>"; };
		8E6F318D12E2DDF20028A6EE /* MPOAuthParameterFactory.h */ = {isa = PBXFileReference; fileEncoding = 4; lastKnownFileType = sourcecode.c.h; path = MPOAuthParameterFactory.h; sourceTree = "<group>"; };
		8E6F318E12E2DDF20028A6EE /* MPOAuthSignatureParameter.h */ = {isa = PBXFileReference; fileEncoding = 4; lastKnownFileType = sourcecode.c.h; path = MPOAuthSignatureParameter.h; sourceTree = "<group>"; };
		8E6F318F12E2DDF20028A6EE /* MPOAuthSignatureParameter.m */ = {isa = PBXFileReference; fileEncoding = 4; lastKnownFileType = sourcecode.c.objc; path = MPOAuthSignatureParameter.m; sourceTree = "<group>"; };
		8E6F319012E2DDF20028A6EE /* MPOAuthURLRequest.h */ = {isa = PBXFileReference; fileEncoding = 4; lastKnownFileType = sourcecode.c.h; path = MPOAuthURLRequest.h; sourceTree = "<group>"; };
		8E6F319112E2DDF20028A6EE /* MPOAuthURLRequest.m */ = {isa = PBXFileReference; fileEncoding = 4; lastKnownFileType = sourcecode.c.objc; path = MPOAuthURLRequest.m; sourceTree = "<group>"; };
		8E6F319212E2DDF20028A6EE /* MPOAuthURLResponse.h */ = {isa = PBXFileReference; fileEncoding = 4; lastKnownFileType = sourcecode.c.h; path = MPOAuthURLResponse.h; sourceTree = "<group>"; };
		8E6F319312E2DDF20028A6EE /* MPOAuthURLResponse.m */ = {isa = PBXFileReference; fileEncoding = 4; lastKnownFileType = sourcecode.c.objc; path = MPOAuthURLResponse.m; sourceTree = "<group>"; };
		8E6F319412E2DDF20028A6EE /* MPURLRequestParameter.h */ = {isa = PBXFileReference; fileEncoding = 4; lastKnownFileType = sourcecode.c.h; path = MPURLRequestParameter.h; sourceTree = "<group>"; };
		8E6F319512E2DDF20028A6EE /* MPURLRequestParameter.m */ = {isa = PBXFileReference; fileEncoding = 4; lastKnownFileType = sourcecode.c.objc; path = MPURLRequestParameter.m; sourceTree = "<group>"; };
		8E6F319612E2DDF20028A6EE /* NSString+URLEscapingAdditions.h */ = {isa = PBXFileReference; fileEncoding = 4; lastKnownFileType = sourcecode.c.h; path = "NSString+URLEscapingAdditions.h"; sourceTree = "<group>"; };
		8E6F319712E2DDF20028A6EE /* NSString+URLEscapingAdditions.m */ = {isa = PBXFileReference; fileEncoding = 4; lastKnownFileType = sourcecode.c.objc; path = "NSString+URLEscapingAdditions.m"; sourceTree = "<group>"; };
		8E6F319812E2DDF20028A6EE /* NSURL+MPURLParameterAdditions.h */ = {isa = PBXFileReference; fileEncoding = 4; lastKnownFileType = sourcecode.c.h; path = "NSURL+MPURLParameterAdditions.h"; sourceTree = "<group>"; };
		8E6F319912E2DDF20028A6EE /* NSURL+MPURLParameterAdditions.m */ = {isa = PBXFileReference; fileEncoding = 4; lastKnownFileType = sourcecode.c.objc; path = "NSURL+MPURLParameterAdditions.m"; sourceTree = "<group>"; };
		8E6F319A12E2DDF20028A6EE /* NSURLResponse+Encoding.h */ = {isa = PBXFileReference; fileEncoding = 4; lastKnownFileType = sourcecode.c.h; path = "NSURLResponse+Encoding.h"; sourceTree = "<group>"; };
		8E6F319B12E2DDF20028A6EE /* NSURLResponse+Encoding.m */ = {isa = PBXFileReference; fileEncoding = 4; lastKnownFileType = sourcecode.c.objc; path = "NSURLResponse+Encoding.m"; sourceTree = "<group>"; };
		8E6F319C12E2DDF20028A6EE /* NSString+Dropbox.h */ = {isa = PBXFileReference; fileEncoding = 4; lastKnownFileType = sourcecode.c.h; path = "NSString+Dropbox.h"; sourceTree = "<group>"; };
		8E6F319D12E2DDF20028A6EE /* NSString+Dropbox.m */ = {isa = PBXFileReference; fileEncoding = 4; lastKnownFileType = sourcecode.c.objc; path = "NSString+Dropbox.m"; sourceTree = "<group>"; };
		8E6F31A812E2DDF20028A6EE /* db_logo.png */ = {isa = PBXFileReference; lastKnownFileType = image.png; path = db_logo.png; sourceTree = "<group>"; };
		8E6F31A912E2DDF20028A6EE /* db_logo@2x.png */ = {isa = PBXFileReference; lastKnownFileType = image.png; path = "db_logo@2x.png"; sourceTree = "<group>"; };
		8E6F322912E2DFA50028A6EE /* Security.framework */ = {isa = PBXFileReference; lastKnownFileType = wrapper.framework; name = Security.framework; path = System/Library/Frameworks/Security.framework; sourceTree = SDKROOT; };
		8E6F323112E2DFF70028A6EE /* English */ = {isa = PBXFileReference; lastKnownFileType = file.xib; name = English; path = English.lproj/DBLogin.xib; sourceTree = "<group>"; };
		8E6F323712E2E5A90028A6EE /* DBLoginController.h */ = {isa = PBXFileReference; fileEncoding = 4; lastKnownFileType = sourcecode.c.h; path = DBLoginController.h; sourceTree = "<group>"; };
		8E6F323812E2E5A90028A6EE /* DBLoginController.m */ = {isa = PBXFileReference; fileEncoding = 4; lastKnownFileType = sourcecode.c.objc; path = DBLoginController.m; sourceTree = "<group>"; };
		8EBF5C2212F232E20051DBFA /* English */ = {isa = PBXFileReference; fileEncoding = 4; lastKnownFileType = text.plist.strings; name = English; path = English.lproj/Localizable.strings; sourceTree = "<group>"; };
		8EBF5C5012F239B90051DBFA /* English */ = {isa = PBXFileReference; fileEncoding = 4; lastKnownFileType = text.plist.strings; name = English; path = English.lproj/Localizable.strings; sourceTree = "<group>"; };
		8EBF5C7712F257340051DBFA /* no */ = {isa = PBXFileReference; lastKnownFileType = text.plist.strings; name = no; path = no.lproj/Localizable.strings; sourceTree = "<group>"; };
		8EBF5C7912F2586A0051DBFA /* no */ = {isa = PBXFileReference; lastKnownFileType = file.xib; name = no; path = no.lproj/DBAccountCreation.xib; sourceTree = "<group>"; };
		8EBF5C7B12F259E80051DBFA /* no */ = {isa = PBXFileReference; lastKnownFileType = file.xib; name = no; path = no.lproj/DBLogin.xib; sourceTree = "<group>"; };
		8EBF5C8112F25C1C0051DBFA /* no */ = {isa = PBXFileReference; lastKnownFileType = text.plist.strings; name = no; path = no.lproj/Localizable.strings; sourceTree = "<group>"; };
		8EBF5C8212F25C460051DBFA /* no */ = {isa = PBXFileReference; lastKnownFileType = file.xib; name = no; path = no.lproj/DBTest.xib; sourceTree = "<group>"; };
/* End PBXFileReference section */

/* Begin PBXFrameworksBuildPhase section */
		8DC2EF560486A6940098B216 /* Frameworks */ = {
			isa = PBXFrameworksBuildPhase;
			buildActionMask = 2147483647;
			files = (
				8E6F322A12E2DFA50028A6EE /* Security.framework in Frameworks */,
				8E6124A81307512B00DA90D0 /* AppKit.framework in Frameworks */,
			);
			runOnlyForDeploymentPostprocessing = 0;
		};
		8E04A3FE12E37B5C00EEFE0C /* Frameworks */ = {
			isa = PBXFrameworksBuildPhase;
			buildActionMask = 2147483647;
			files = (
				8E04A45F12E37FC600EEFE0C /* Dropbox.framework in Frameworks */,
			);
			runOnlyForDeploymentPostprocessing = 0;
		};
/* End PBXFrameworksBuildPhase section */

/* Begin PBXGroup section */
		034768DFFF38A50411DB9C8B /* Products */ = {
			isa = PBXGroup;
			children = (
				8DC2EF5B0486A6940098B216 /* Dropbox.framework */,
				8E04A40012E37B5C00EEFE0C /* DBTest.app */,
			);
			name = Products;
			sourceTree = "<group>";
		};
		0867D691FE84028FC02AAC07 /* DropboxFramework */ = {
			isa = PBXGroup;
			children = (
				8ECF748412F1485700EA552F /* Examples */,
				08FB77AEFE84172EC02AAC07 /* Classes */,
				32C88DFF0371C24200C91783 /* Other Sources */,
				089C1665FE841158C02AAC07 /* Resources */,
				0867D69AFE84028FC02AAC07 /* External Frameworks and Libraries */,
				034768DFFF38A50411DB9C8B /* Products */,
			);
			name = DropboxFramework;
			sourceTree = "<group>";
		};
		0867D69AFE84028FC02AAC07 /* External Frameworks and Libraries */ = {
			isa = PBXGroup;
			children = (
				1058C7B0FEA5585E11CA2CBB /* Linked Frameworks */,
				1058C7B2FEA5585E11CA2CBB /* Other Frameworks */,
			);
			name = "External Frameworks and Libraries";
			sourceTree = "<group>";
		};
		089C1665FE841158C02AAC07 /* Resources */ = {
			isa = PBXGroup;
			children = (
				8E04A5A612E3AC1800EEFE0C /* DBTest */,
				8E6F31A812E2DDF20028A6EE /* db_logo.png */,
				8E6F31A912E2DDF20028A6EE /* db_logo@2x.png */,
				8EBF5C1C12F2314F0051DBFA /* DBAccountCreation.xib */,
				8EBF5C1E12F2315A0051DBFA /* DBLogin.xib */,
				8DC2EF5A0486A6940098B216 /* Info.plist */,
				089C1666FE841158C02AAC07 /* InfoPlist.strings */,
				8EBF5C5212F239BF0051DBFA /* Localizable.strings */,
			);
			path = Resources;
			sourceTree = "<group>";
		};
		08FB77AEFE84172EC02AAC07 /* Classes */ = {
			isa = PBXGroup;
			children = (
				8E6F316912E2DDF20028A6EE /* JSON */,
				8E6F317712E2DDF20028A6EE /* MPOAuth */,
				8E6F323612E2E5770028A6EE /* UI */,
				8E6F315A12E2DDF20028A6EE /* DBAccountInfo.h */,
				8E6F315B12E2DDF20028A6EE /* DBAccountInfo.m */,
				8E6F315C12E2DDF20028A6EE /* DBError.h */,
				8E6F315D12E2DDF20028A6EE /* DBError.m */,
				8E6F315E12E2DDF20028A6EE /* DBMetadata.h */,
				8E6F315F12E2DDF20028A6EE /* DBMetadata.m */,
				8E6F316012E2DDF20028A6EE /* DBQuota.h */,
				8E6F316112E2DDF20028A6EE /* DBQuota.m */,
				8E6F316212E2DDF20028A6EE /* DBRequest.h */,
				8E6F316312E2DDF20028A6EE /* DBRequest.m */,
				8E6F316412E2DDF20028A6EE /* DBRestClient.h */,
				8E6F316512E2DDF20028A6EE /* DBRestClient.m */,
				8E6F316612E2DDF20028A6EE /* DBSession.h */,
				8E6F316712E2DDF20028A6EE /* DBSession.m */,
				8E4A1E301307542B0006924C /* Dropbox.h */,
				8E6F319C12E2DDF20028A6EE /* NSString+Dropbox.h */,
				8E6F319D12E2DDF20028A6EE /* NSString+Dropbox.m */,
			);
			name = Classes;
			sourceTree = "<group>";
		};
		1058C7B0FEA5585E11CA2CBB /* Linked Frameworks */ = {
			isa = PBXGroup;
			children = (
				8E6F322912E2DFA50028A6EE /* Security.framework */,
				8E6124A71307512B00DA90D0 /* AppKit.framework */,
			);
			name = "Linked Frameworks";
			sourceTree = "<group>";
		};
		1058C7B2FEA5585E11CA2CBB /* Other Frameworks */ = {
			isa = PBXGroup;
			children = (
				0867D69BFE84028FC02AAC07 /* Foundation.framework */,
			);
			name = "Other Frameworks";
			sourceTree = "<group>";
		};
		32C88DFF0371C24200C91783 /* Other Sources */ = {
			isa = PBXGroup;
			children = (
				32DBCF5E0370ADEE00C91783 /* DropboxFramework_Prefix.pch */,
			);
			name = "Other Sources";
			sourceTree = "<group>";
		};
		8E04A3FB12E37B2C00EEFE0C /* DBTest */ = {
			isa = PBXGroup;
			children = (
				8E04A41912E37C9400EEFE0C /* DBTest.h */,
				8E04A41A12E37C9400EEFE0C /* DBTest.m */,
			);
			path = DBTest;
			sourceTree = "<group>";
		};
		8E04A5A612E3AC1800EEFE0C /* DBTest */ = {
			isa = PBXGroup;
			children = (
				8EBF5C2012F231610051DBFA /* DBTest.xib */,
				8E04A40212E37B5D00EEFE0C /* Info.plist */,
				8EBF5C2412F232EB0051DBFA /* Localizable.strings */,
			);
			path = DBTest;
			sourceTree = "<group>";
		};
		8E6F316912E2DDF20028A6EE /* JSON */ = {
			isa = PBXGroup;
			children = (
				8E6F316A12E2DDF20028A6EE /* JSON.h */,
				8E6F316B12E2DDF20028A6EE /* NSObject+SBJSON.h */,
				8E6F316C12E2DDF20028A6EE /* NSObject+SBJSON.m */,
				8E6F316D12E2DDF20028A6EE /* NSString+SBJSON.h */,
				8E6F316E12E2DDF20028A6EE /* NSString+SBJSON.m */,
				8E6F316F12E2DDF20028A6EE /* SBJSON.h */,
				8E6F317012E2DDF20028A6EE /* SBJSON.m */,
				8E6F317112E2DDF20028A6EE /* SBJsonBase.h */,
				8E6F317212E2DDF20028A6EE /* SBJsonBase.m */,
				8E6F317312E2DDF20028A6EE /* SBJsonParser.h */,
				8E6F317412E2DDF20028A6EE /* SBJsonParser.m */,
				8E6F317512E2DDF20028A6EE /* SBJsonWriter.h */,
				8E6F317612E2DDF20028A6EE /* SBJsonWriter.m */,
			);
			path = JSON;
			sourceTree = "<group>";
		};
		8E6F317712E2DDF20028A6EE /* MPOAuth */ = {
			isa = PBXGroup;
			children = (
				8E6F317812E2DDF20028A6EE /* Crypto */,
				8E6F317B12E2DDF20028A6EE /* MPDebug.h */,
				8E6F317C12E2DDF20028A6EE /* MPOAuth.h */,
				8E6F317D12E2DDF20028A6EE /* MPOAuthAPI.h */,
				8E6F317E12E2DDF20028A6EE /* MPOAuthAPI.m */,
				8E6F317F12E2DDF20028A6EE /* MPOAuthAPIRequestLoader.h */,
				8E6F318012E2DDF20028A6EE /* MPOAuthAPIRequestLoader.m */,
				8E6F318112E2DDF20028A6EE /* MPOAuthAuthenticationMethod.h */,
				8E6F318212E2DDF20028A6EE /* MPOAuthAuthenticationMethod.m */,
				8E6F318312E2DDF20028A6EE /* MPOAuthAuthenticationMethodOAuth.h */,
				8E6F318412E2DDF20028A6EE /* MPOAuthAuthenticationMethodOAuth.m */,
				8E6F318512E2DDF20028A6EE /* MPOAuthConnection.h */,
				8E6F318612E2DDF20028A6EE /* MPOAuthConnection.m */,
				8E6F318712E2DDF20028A6EE /* MPOAuthCredentiaIConcreteStore+KeychainAdditionsMac.m */,
				8E6F318812E2DDF20028A6EE /* MPOAuthCredentialConcreteStore+KeychainAdditions.h */,
				8E6F318912E2DDF20028A6EE /* MPOAuthCredentialConcreteStore+KeychainAdditionsiPhone.m */,
				8E6F318A12E2DDF20028A6EE /* MPOAuthCredentialConcreteStore.h */,
				8E6F318B12E2DDF20028A6EE /* MPOAuthCredentialConcreteStore.m */,
				8E6F318C12E2DDF20028A6EE /* MPOAuthCredentialStore.h */,
				8E6F318D12E2DDF20028A6EE /* MPOAuthParameterFactory.h */,
				8E6F318E12E2DDF20028A6EE /* MPOAuthSignatureParameter.h */,
				8E6F318F12E2DDF20028A6EE /* MPOAuthSignatureParameter.m */,
				8E6F319012E2DDF20028A6EE /* MPOAuthURLRequest.h */,
				8E6F319112E2DDF20028A6EE /* MPOAuthURLRequest.m */,
				8E6F319212E2DDF20028A6EE /* MPOAuthURLResponse.h */,
				8E6F319312E2DDF20028A6EE /* MPOAuthURLResponse.m */,
				8E6F319412E2DDF20028A6EE /* MPURLRequestParameter.h */,
				8E6F319512E2DDF20028A6EE /* MPURLRequestParameter.m */,
				8E6F319612E2DDF20028A6EE /* NSString+URLEscapingAdditions.h */,
				8E6F319712E2DDF20028A6EE /* NSString+URLEscapingAdditions.m */,
				8E6F319812E2DDF20028A6EE /* NSURL+MPURLParameterAdditions.h */,
				8E6F319912E2DDF20028A6EE /* NSURL+MPURLParameterAdditions.m */,
				8E6F319A12E2DDF20028A6EE /* NSURLResponse+Encoding.h */,
				8E6F319B12E2DDF20028A6EE /* NSURLResponse+Encoding.m */,
			);
			path = MPOAuth;
			sourceTree = "<group>";
		};
		8E6F317812E2DDF20028A6EE /* Crypto */ = {
			isa = PBXGroup;
			children = (
				8E6F317912E2DDF20028A6EE /* Base64Transcoder.c */,
				8E6F317A12E2DDF20028A6EE /* Base64Transcoder.h */,
			);
			path = Crypto;
			sourceTree = "<group>";
		};
		8E6F323612E2E5770028A6EE /* UI */ = {
			isa = PBXGroup;
			children = (
				8E04A59E12E3AC0600EEFE0C /* DBAccountCreationController.h */,
				8E04A59F12E3AC0600EEFE0C /* DBAccountCreationController.m */,
				8E6F323712E2E5A90028A6EE /* DBLoginController.h */,
				8E6F323812E2E5A90028A6EE /* DBLoginController.m */,
				8E04A63A12E3B79500EEFE0C /* DBCommonController.h */,
				8E04A63B12E3B79500EEFE0C /* DBCommonController.m */,
			);
			path = UI;
			sourceTree = "<group>";
		};
		8ECF748412F1485700EA552F /* Examples */ = {
			isa = PBXGroup;
			children = (
				8E04A3FB12E37B2C00EEFE0C /* DBTest */,
			);
			path = Examples;
			sourceTree = "<group>";
		};
/* End PBXGroup section */

/* Begin PBXHeadersBuildPhase section */
		8DC2EF500486A6940098B216 /* Headers */ = {
			isa = PBXHeadersBuildPhase;
			buildActionMask = 2147483647;
			files = (
				8E6F31AA12E2DDF20028A6EE /* DBAccountInfo.h in Headers */,
				8E6F31AC12E2DDF20028A6EE /* DBError.h in Headers */,
				8E6F31AE12E2DDF20028A6EE /* DBMetadata.h in Headers */,
				8E6F31B012E2DDF20028A6EE /* DBQuota.h in Headers */,
				8E6F31B212E2DDF20028A6EE /* DBRequest.h in Headers */,
				8E6F31B412E2DDF20028A6EE /* DBRestClient.h in Headers */,
				8E6F31B612E2DDF20028A6EE /* DBSession.h in Headers */,
				8E6F31B912E2DDF20028A6EE /* JSON.h in Headers */,
				8E6F31BA12E2DDF20028A6EE /* NSObject+SBJSON.h in Headers */,
				8E6F31BC12E2DDF20028A6EE /* NSString+SBJSON.h in Headers */,
				8E6F31BE12E2DDF20028A6EE /* SBJSON.h in Headers */,
				8E6F31C012E2DDF20028A6EE /* SBJsonBase.h in Headers */,
				8E6F31C212E2DDF20028A6EE /* SBJsonParser.h in Headers */,
				8E6F31C412E2DDF20028A6EE /* SBJsonWriter.h in Headers */,
				8E6F31C712E2DDF20028A6EE /* Base64Transcoder.h in Headers */,
				8E6F31C812E2DDF20028A6EE /* MPDebug.h in Headers */,
				8E6F31C912E2DDF20028A6EE /* MPOAuth.h in Headers */,
				8E6F31CA12E2DDF20028A6EE /* MPOAuthAPI.h in Headers */,
				8E6F31CC12E2DDF20028A6EE /* MPOAuthAPIRequestLoader.h in Headers */,
				8E6F31CE12E2DDF20028A6EE /* MPOAuthAuthenticationMethod.h in Headers */,
				8E6F31D012E2DDF20028A6EE /* MPOAuthAuthenticationMethodOAuth.h in Headers */,
				8E6F31D212E2DDF20028A6EE /* MPOAuthConnection.h in Headers */,
				8E6F31D512E2DDF20028A6EE /* MPOAuthCredentialConcreteStore+KeychainAdditions.h in Headers */,
				8E6F31D712E2DDF20028A6EE /* MPOAuthCredentialConcreteStore.h in Headers */,
				8E6F31D912E2DDF20028A6EE /* MPOAuthCredentialStore.h in Headers */,
				8E6F31DA12E2DDF20028A6EE /* MPOAuthParameterFactory.h in Headers */,
				8E6F31DB12E2DDF20028A6EE /* MPOAuthSignatureParameter.h in Headers */,
				8E6F31DD12E2DDF20028A6EE /* MPOAuthURLRequest.h in Headers */,
				8E6F31DF12E2DDF20028A6EE /* MPOAuthURLResponse.h in Headers */,
				8E6F31E112E2DDF20028A6EE /* MPURLRequestParameter.h in Headers */,
				8E6F31E312E2DDF20028A6EE /* NSString+URLEscapingAdditions.h in Headers */,
				8E6F31E512E2DDF20028A6EE /* NSURL+MPURLParameterAdditions.h in Headers */,
				8E6F31E712E2DDF20028A6EE /* NSURLResponse+Encoding.h in Headers */,
				8E6F31E912E2DDF20028A6EE /* NSString+Dropbox.h in Headers */,
				8E6F323912E2E5A90028A6EE /* DBLoginController.h in Headers */,
				8E04A5A012E3AC0600EEFE0C /* DBAccountCreationController.h in Headers */,
				8E04A63C12E3B79500EEFE0C /* DBCommonController.h in Headers */,
				8E4A1E311307542B0006924C /* Dropbox.h in Headers */,
			);
			runOnlyForDeploymentPostprocessing = 0;
		};
/* End PBXHeadersBuildPhase section */

/* Begin PBXNativeTarget section */
		8DC2EF4F0486A6940098B216 /* Dropbox */ = {
			isa = PBXNativeTarget;
			buildConfigurationList = 1DEB91AD08733DA50010E9CD /* Build configuration list for PBXNativeTarget "Dropbox" */;
			buildPhases = (
				8DC2EF500486A6940098B216 /* Headers */,
				8DC2EF520486A6940098B216 /* Resources */,
				8DC2EF540486A6940098B216 /* Sources */,
				8DC2EF560486A6940098B216 /* Frameworks */,
			);
			buildRules = (
			);
			dependencies = (
			);
			name = Dropbox;
			productInstallPath = "$(HOME)/Library/Frameworks";
			productName = Dropbox;
			productReference = 8DC2EF5B0486A6940098B216 /* Dropbox.framework */;
			productType = "com.apple.product-type.framework";
		};
		8E04A3FF12E37B5C00EEFE0C /* DBTest */ = {
			isa = PBXNativeTarget;
			buildConfigurationList = 8E04A40512E37B5D00EEFE0C /* Build configuration list for PBXNativeTarget "DBTest" */;
			buildPhases = (
				8E04A3FC12E37B5C00EEFE0C /* Resources */,
				8E04A3FD12E37B5C00EEFE0C /* Sources */,
				8E04A3FE12E37B5C00EEFE0C /* Frameworks */,
			);
			buildRules = (
			);
			dependencies = (
				8E04A40712E37B6600EEFE0C /* PBXTargetDependency */,
			);
			name = DBTest;
			productName = DBTest;
			productReference = 8E04A40012E37B5C00EEFE0C /* DBTest.app */;
			productType = "com.apple.product-type.application";
		};
/* End PBXNativeTarget section */

/* Begin PBXProject section */
		0867D690FE84028FC02AAC07 /* Project object */ = {
			isa = PBXProject;
			buildConfigurationList = 1DEB91B108733DA50010E9CD /* Build configuration list for PBXProject "DropboxFramework" */;
			compatibilityVersion = "Xcode 3.1";
			hasScannedForEncodings = 1;
			knownRegions = (
				English,
				Japanese,
				French,
				German,
				no,
			);
			mainGroup = 0867D691FE84028FC02AAC07 /* DropboxFramework */;
			productRefGroup = 034768DFFF38A50411DB9C8B /* Products */;
			projectDirPath = "";
			projectRoot = "";
			targets = (
				8DC2EF4F0486A6940098B216 /* Dropbox */,
				8E04A3FF12E37B5C00EEFE0C /* DBTest */,
			);
		};
/* End PBXProject section */

/* Begin PBXResourcesBuildPhase section */
		8DC2EF520486A6940098B216 /* Resources */ = {
			isa = PBXResourcesBuildPhase;
			buildActionMask = 2147483647;
			files = (
				8DC2EF530486A6940098B216 /* InfoPlist.strings in Resources */,
				8E6F31F412E2DDF20028A6EE /* db_logo.png in Resources */,
				8E6F31F512E2DDF20028A6EE /* db_logo@2x.png in Resources */,
				8EBF5C1F12F2315A0051DBFA /* DBLogin.xib in Resources */,
				8EBF5C1D12F2314F0051DBFA /* DBAccountCreation.xib in Resources */,
				8EBF5C5312F239BF0051DBFA /* Localizable.strings in Resources */,
			);
			runOnlyForDeploymentPostprocessing = 0;
		};
		8E04A3FC12E37B5C00EEFE0C /* Resources */ = {
			isa = PBXResourcesBuildPhase;
			buildActionMask = 2147483647;
			files = (
				8EBF5C2112F231610051DBFA /* DBTest.xib in Resources */,
				8EBF5C2512F232EB0051DBFA /* Localizable.strings in Resources */,
			);
			runOnlyForDeploymentPostprocessing = 0;
		};
/* End PBXResourcesBuildPhase section */

/* Begin PBXSourcesBuildPhase section */
		8DC2EF540486A6940098B216 /* Sources */ = {
			isa = PBXSourcesBuildPhase;
			buildActionMask = 2147483647;
			files = (
				8E6F31AB12E2DDF20028A6EE /* DBAccountInfo.m in Sources */,
				8E6F31AD12E2DDF20028A6EE /* DBError.m in Sources */,
				8E6F31AF12E2DDF20028A6EE /* DBMetadata.m in Sources */,
				8E6F31B112E2DDF20028A6EE /* DBQuota.m in Sources */,
				8E6F31B312E2DDF20028A6EE /* DBRequest.m in Sources */,
				8E6F31B512E2DDF20028A6EE /* DBRestClient.m in Sources */,
				8E6F31B712E2DDF20028A6EE /* DBSession.m in Sources */,
				8E6F31BB12E2DDF20028A6EE /* NSObject+SBJSON.m in Sources */,
				8E6F31BD12E2DDF20028A6EE /* NSString+SBJSON.m in Sources */,
				8E6F31BF12E2DDF20028A6EE /* SBJSON.m in Sources */,
				8E6F31C112E2DDF20028A6EE /* SBJsonBase.m in Sources */,
				8E6F31C312E2DDF20028A6EE /* SBJsonParser.m in Sources */,
				8E6F31C512E2DDF20028A6EE /* SBJsonWriter.m in Sources */,
				8E6F31C612E2DDF20028A6EE /* Base64Transcoder.c in Sources */,
				8E6F31CB12E2DDF20028A6EE /* MPOAuthAPI.m in Sources */,
				8E6F31CD12E2DDF20028A6EE /* MPOAuthAPIRequestLoader.m in Sources */,
				8E6F31CF12E2DDF20028A6EE /* MPOAuthAuthenticationMethod.m in Sources */,
				8E6F31D112E2DDF20028A6EE /* MPOAuthAuthenticationMethodOAuth.m in Sources */,
				8E6F31D312E2DDF20028A6EE /* MPOAuthConnection.m in Sources */,
				8E6F31D412E2DDF20028A6EE /* MPOAuthCredentiaIConcreteStore+KeychainAdditionsMac.m in Sources */,
				8E6F31D612E2DDF20028A6EE /* MPOAuthCredentialConcreteStore+KeychainAdditionsiPhone.m in Sources */,
				8E6F31D812E2DDF20028A6EE /* MPOAuthCredentialConcreteStore.m in Sources */,
				8E6F31DC12E2DDF20028A6EE /* MPOAuthSignatureParameter.m in Sources */,
				8E6F31DE12E2DDF20028A6EE /* MPOAuthURLRequest.m in Sources */,
				8E6F31E012E2DDF20028A6EE /* MPOAuthURLResponse.m in Sources */,
				8E6F31E212E2DDF20028A6EE /* MPURLRequestParameter.m in Sources */,
				8E6F31E412E2DDF20028A6EE /* NSString+URLEscapingAdditions.m in Sources */,
				8E6F31E612E2DDF20028A6EE /* NSURL+MPURLParameterAdditions.m in Sources */,
				8E6F31E812E2DDF20028A6EE /* NSURLResponse+Encoding.m in Sources */,
				8E6F31EA12E2DDF20028A6EE /* NSString+Dropbox.m in Sources */,
				8E6F323A12E2E5A90028A6EE /* DBLoginController.m in Sources */,
				8E04A5A112E3AC0600EEFE0C /* DBAccountCreationController.m in Sources */,
				8E04A63D12E3B79500EEFE0C /* DBCommonController.m in Sources */,
			);
			runOnlyForDeploymentPostprocessing = 0;
		};
		8E04A3FD12E37B5C00EEFE0C /* Sources */ = {
			isa = PBXSourcesBuildPhase;
			buildActionMask = 2147483647;
			files = (
				8E04A41B12E37C9400EEFE0C /* DBTest.m in Sources */,
			);
			runOnlyForDeploymentPostprocessing = 0;
		};
/* End PBXSourcesBuildPhase section */

/* Begin PBXTargetDependency section */
		8E04A40712E37B6600EEFE0C /* PBXTargetDependency */ = {
			isa = PBXTargetDependency;
			target = 8DC2EF4F0486A6940098B216 /* Dropbox */;
			targetProxy = 8E04A40612E37B6600EEFE0C /* PBXContainerItemProxy */;
		};
/* End PBXTargetDependency section */

/* Begin PBXVariantGroup section */
		089C1666FE841158C02AAC07 /* InfoPlist.strings */ = {
			isa = PBXVariantGroup;
			children = (
				089C1667FE841158C02AAC07 /* English */,
			);
			name = InfoPlist.strings;
			sourceTree = "<group>";
		};
		8EBF5C1C12F2314F0051DBFA /* DBAccountCreation.xib */ = {
			isa = PBXVariantGroup;
			children = (
				8E04A59B12E3ABF900EEFE0C /* English */,
				8EBF5C7912F2586A0051DBFA /* no */,
			);
			name = DBAccountCreation.xib;
			sourceTree = "<group>";
		};
		8EBF5C1E12F2315A0051DBFA /* DBLogin.xib */ = {
			isa = PBXVariantGroup;
			children = (
				8E6F323112E2DFF70028A6EE /* English */,
				8EBF5C7B12F259E80051DBFA /* no */,
			);
			name = DBLogin.xib;
			sourceTree = "<group>";
		};
		8EBF5C2012F231610051DBFA /* DBTest.xib */ = {
			isa = PBXVariantGroup;
			children = (
				8E04A40D12E37BC000EEFE0C /* English */,
				8EBF5C8212F25C460051DBFA /* no */,
			);
			name = DBTest.xib;
			sourceTree = "<group>";
		};
		8EBF5C2412F232EB0051DBFA /* Localizable.strings */ = {
			isa = PBXVariantGroup;
			children = (
				8EBF5C2212F232E20051DBFA /* English */,
				8EBF5C8112F25C1C0051DBFA /* no */,
			);
			name = Localizable.strings;
			sourceTree = "<group>";
		};
		8EBF5C5212F239BF0051DBFA /* Localizable.strings */ = {
			isa = PBXVariantGroup;
			children = (
				8EBF5C5012F239B90051DBFA /* English */,
				8EBF5C7712F257340051DBFA /* no */,
			);
			name = Localizable.strings;
			sourceTree = "<group>";
		};
/* End PBXVariantGroup section */

/* Begin XCBuildConfiguration section */
		1DEB91AE08733DA50010E9CD /* Debug */ = {
			isa = XCBuildConfiguration;
			buildSettings = {
				ALWAYS_SEARCH_USER_PATHS = NO;
				COPY_PHASE_STRIP = NO;
				DYLIB_COMPATIBILITY_VERSION = 1;
				DYLIB_CURRENT_VERSION = 1;
				FRAMEWORK_VERSION = A;
				GCC_DYNAMIC_NO_PIC = NO;
				GCC_ENABLE_FIX_AND_CONTINUE = YES;
				GCC_MODEL_TUNING = G5;
				GCC_OPTIMIZATION_LEVEL = 0;
				GCC_PRECOMPILE_PREFIX_HEADER = YES;
				GCC_PREFIX_HEADER = DropboxFramework_Prefix.pch;
				INFOPLIST_FILE = Resources/Info.plist;
				INSTALL_PATH = "@executable_path/../Frameworks";
				PRODUCT_NAME = Dropbox;
				WRAPPER_EXTENSION = framework;
			};
			name = Debug;
		};
		1DEB91AF08733DA50010E9CD /* Release */ = {
			isa = XCBuildConfiguration;
			buildSettings = {
				ALWAYS_SEARCH_USER_PATHS = NO;
				DEBUG_INFORMATION_FORMAT = "dwarf-with-dsym";
				DYLIB_COMPATIBILITY_VERSION = 1;
				DYLIB_CURRENT_VERSION = 1;
				FRAMEWORK_VERSION = A;
				GCC_MODEL_TUNING = G5;
				GCC_PRECOMPILE_PREFIX_HEADER = YES;
				GCC_PREFIX_HEADER = DropboxFramework_Prefix.pch;
				INFOPLIST_FILE = Resources/Info.plist;
				INSTALL_PATH = "@executable_path/../Frameworks";
				PRODUCT_NAME = Dropbox;
				WRAPPER_EXTENSION = framework;
			};
			name = Release;
		};
		1DEB91B208733DA50010E9CD /* Debug */ = {
			isa = XCBuildConfiguration;
			buildSettings = {
				ARCHS = "$(ARCHS_STANDARD_32_64_BIT)";
				GCC_C_LANGUAGE_STANDARD = gnu99;
				GCC_OPTIMIZATION_LEVEL = 0;
				GCC_WARN_ABOUT_RETURN_TYPE = YES;
				GCC_WARN_UNUSED_VARIABLE = YES;
				ONLY_ACTIVE_ARCH = YES;
				PREBINDING = NO;
				SDKROOT = macosx10.6;
			};
			name = Debug;
		};
		1DEB91B308733DA50010E9CD /* Release */ = {
			isa = XCBuildConfiguration;
			buildSettings = {
				ARCHS = "$(ARCHS_STANDARD_32_64_BIT)";
				GCC_C_LANGUAGE_STANDARD = gnu99;
				GCC_WARN_ABOUT_RETURN_TYPE = YES;
				GCC_WARN_UNUSED_VARIABLE = YES;
				PREBINDING = NO;
				SDKROOT = macosx10.6;
			};
			name = Release;
		};
		8E04A40312E37B5D00EEFE0C /* Debug */ = {
			isa = XCBuildConfiguration;
			buildSettings = {
				ALWAYS_SEARCH_USER_PATHS = NO;
				COPY_PHASE_STRIP = NO;
				GCC_DYNAMIC_NO_PIC = NO;
				GCC_ENABLE_FIX_AND_CONTINUE = YES;
				GCC_MODEL_TUNING = G5;
				GCC_OPTIMIZATION_LEVEL = 0;
				GCC_PRECOMPILE_PREFIX_HEADER = YES;
				GCC_PREFIX_HEADER = "$(SYSTEM_LIBRARY_DIR)/Frameworks/AppKit.framework/Headers/AppKit.h";
				INFOPLIST_FILE = Resources/DBTest/Info.plist;
				INSTALL_PATH = "$(HOME)/Applications";
				OTHER_LDFLAGS = (
					"-framework",
					Foundation,
					"-framework",
					AppKit,
				);
				PREBINDING = NO;
				PRODUCT_NAME = DBTest;
			};
			name = Debug;
		};
		8E04A40412E37B5D00EEFE0C /* Release */ = {
			isa = XCBuildConfiguration;
			buildSettings = {
				ALWAYS_SEARCH_USER_PATHS = NO;
				COPY_PHASE_STRIP = YES;
				DEBUG_INFORMATION_FORMAT = "dwarf-with-dsym";
				GCC_ENABLE_FIX_AND_CONTINUE = NO;
				GCC_MODEL_TUNING = G5;
				GCC_PRECOMPILE_PREFIX_HEADER = YES;
				GCC_PREFIX_HEADER = "$(SYSTEM_LIBRARY_DIR)/Frameworks/AppKit.framework/Headers/AppKit.h";
				INFOPLIST_FILE = Resources/DBTest/Info.plist;
				INSTALL_PATH = "$(HOME)/Applications";
				OTHER_LDFLAGS = (
					"-framework",
					Foundation,
					"-framework",
					AppKit,
				);
				PREBINDING = NO;
				PRODUCT_NAME = DBTest;
				ZERO_LINK = NO;
			};
			name = Release;
		};
/* End XCBuildConfiguration section */

/* Begin XCConfigurationList section */
		1DEB91AD08733DA50010E9CD /* Build configuration list for PBXNativeTarget "Dropbox" */ = {
			isa = XCConfigurationList;
			buildConfigurations = (
				1DEB91AE08733DA50010E9CD /* Debug */,
				1DEB91AF08733DA50010E9CD /* Release */,
			);
			defaultConfigurationIsVisible = 0;
			defaultConfigurationName = Release;
		};
		1DEB91B108733DA50010E9CD /* Build configuration list for PBXProject "DropboxFramework" */ = {
			isa = XCConfigurationList;
			buildConfigurations = (
				1DEB91B208733DA50010E9CD /* Debug */,
				1DEB91B308733DA50010E9CD /* Release */,
			);
			defaultConfigurationIsVisible = 0;
			defaultConfigurationName = Release;
		};
		8E04A40512E37B5D00EEFE0C /* Build configuration list for PBXNativeTarget "DBTest" */ = {
			isa = XCConfigurationList;
			buildConfigurations = (
				8E04A40312E37B5D00EEFE0C /* Debug */,
				8E04A40412E37B5D00EEFE0C /* Release */,
			);
			defaultConfigurationIsVisible = 0;
			defaultConfigurationName = Release;
		};
/* End XCConfigurationList section */
	};
	rootObject = 0867D690FE84028FC02AAC07 /* Project object */;
}
